
Microsoft Visual Studio Solution File, Format Version 12.00
# Visual Studio 2012
Project("{FAE04EC0-301F-11D3-BF4B-00C04F79EFBC}") = "Una.PA.Contrato", "Una.PA.Contrato\Una.PA.Contrato.csproj", "{714ED37A-D362-4038-8C9F-E81AC43E16EC}"
EndProject
Project("{FAE04EC0-301F-11D3-BF4B-00C04F79EFBC}") = "Una.PA.Negocio", "Una.PA.Negocio\Una.PA.Negocio.csproj", "{EA78BAF0-8495-4961-9446-B811007F159F}"
EndProject
Project("{FAE04EC0-301F-11D3-BF4B-00C04F79EFBC}") = "Una.PA.Tester", "Una.PA.Tester\Una.PA.Tester.csproj", "{344F218B-D58D-4175-9B9A-FECDF889D5A4}"
EndProject
Project("{FAE04EC0-301F-11D3-BF4B-00C04F79EFBC}") = "Una.PA.Web", "Una.PA.Web\Una.PA.Web.csproj", "{790AF49C-8B02-4B7E-A298-388D02B95463}"
EndProject
Project("{FAE04EC0-301F-11D3-BF4B-00C04F79EFBC}") = "Una.PA.Servico", "Una.PA.Servico\Una.PA.Servico.csproj", "{422B8563-6AE3-4FE0-8364-0B0B28ECBE83}"
EndProject
Project("{FAE04EC0-301F-11D3-BF4B-00C04F79EFBC}") = "Una.PA.Helpers", "Una.PA.Helpers\Una.PA.Helpers.csproj", "{0DE075E0-E99A-42B8-A7D0-DA987F50C5BA}"
EndProject
Global
	GlobalSection(SolutionConfigurationPlatforms) = preSolution
		Debug|Any CPU = Debug|Any CPU
		Debug|Mixed Platforms = Debug|Mixed Platforms
		Debug|x86 = Debug|x86
		Release|Any CPU = Release|Any CPU
		Release|Mixed Platforms = Release|Mixed Platforms
		Release|x86 = Release|x86
	EndGlobalSection
	GlobalSection(ProjectConfigurationPlatforms) = postSolution
		{714ED37A-D362-4038-8C9F-E81AC43E16EC}.Debug|Any CPU.ActiveCfg = Debug|Any CPU
		{714ED37A-D362-4038-8C9F-E81AC43E16EC}.Debug|Any CPU.Build.0 = Debug|Any CPU
		{714ED37A-D362-4038-8C9F-E81AC43E16EC}.Debug|Mixed Platforms.ActiveCfg = Debug|Any CPU
		{714ED37A-D362-4038-8C9F-E81AC43E16EC}.Debug|Mixed Platforms.Build.0 = Debug|Any CPU
		{714ED37A-D362-4038-8C9F-E81AC43E16EC}.Debug|x86.ActiveCfg = Debug|Any CPU
		{714ED37A-D362-4038-8C9F-E81AC43E16EC}.Release|Any CPU.ActiveCfg = Release|Any CPU
		{714ED37A-D362-4038-8C9F-E81AC43E16EC}.Release|Any CPU.Build.0 = Release|Any CPU
		{714ED37A-D362-4038-8C9F-E81AC43E16EC}.Release|Mixed Platforms.ActiveCfg = Release|Any CPU
		{714ED37A-D362-4038-8C9F-E81AC43E16EC}.Release|Mixed Platforms.Build.0 = Release|Any CPU
		{714ED37A-D362-4038-8C9F-E81AC43E16EC}.Release|x86.ActiveCfg = Release|Any CPU
		{EA78BAF0-8495-4961-9446-B811007F159F}.Debug|Any CPU.ActiveCfg = Debug|Any CPU
		{EA78BAF0-8495-4961-9446-B811007F159F}.Debug|Any CPU.Build.0 = Debug|Any CPU
		{EA78BAF0-8495-4961-9446-B811007F159F}.Debug|Mixed Platforms.ActiveCfg = Debug|Any CPU
		{EA78BAF0-8495-4961-9446-B811007F159F}.Debug|Mixed Platforms.Build.0 = Debug|Any CPU
		{EA78BAF0-8495-4961-9446-B811007F159F}.Debug|x86.ActiveCfg = Debug|Any CPU
		{EA78BAF0-8495-4961-9446-B811007F159F}.Release|Any CPU.ActiveCfg = Release|Any CPU
		{EA78BAF0-8495-4961-9446-B811007F159F}.Release|Any CPU.Build.0 = Release|Any CPU
		{EA78BAF0-8495-4961-9446-B811007F159F}.Release|Mixed Platforms.ActiveCfg = Release|Any CPU
		{EA78BAF0-8495-4961-9446-B811007F159F}.Release|Mixed Platforms.Build.0 = Release|Any CPU
		{EA78BAF0-8495-4961-9446-B811007F159F}.Release|x86.ActiveCfg = Release|Any CPU
		{344F218B-D58D-4175-9B9A-FECDF889D5A4}.Debug|Any CPU.ActiveCfg = Debug|x86
		{344F218B-D58D-4175-9B9A-FECDF889D5A4}.Debug|Mixed Platforms.ActiveCfg = Debug|x86
		{344F218B-D58D-4175-9B9A-FECDF889D5A4}.Debug|Mixed Platforms.Build.0 = Debug|x86
		{344F218B-D58D-4175-9B9A-FECDF889D5A4}.Debug|x86.ActiveCfg = Debug|x86
		{344F218B-D58D-4175-9B9A-FECDF889D5A4}.Debug|x86.Build.0 = Debug|x86
		{344F218B-D58D-4175-9B9A-FECDF889D5A4}.Release|Any CPU.ActiveCfg = Release|x86
		{344F218B-D58D-4175-9B9A-FECDF889D5A4}.Release|Mixed Platforms.ActiveCfg = Release|x86
		{344F218B-D58D-4175-9B9A-FECDF889D5A4}.Release|Mixed Platforms.Build.0 = Release|x86
		{344F218B-D58D-4175-9B9A-FECDF889D5A4}.Release|x86.ActiveCfg = Release|x86
		{344F218B-D58D-4175-9B9A-FECDF889D5A4}.Release|x86.Build.0 = Release|x86
		{790AF49C-8B02-4B7E-A298-388D02B95463}.Debug|Any CPU.ActiveCfg = Debug|Any CPU
		{790AF49C-8B02-4B7E-A298-388D02B95463}.Debug|Any CPU.Build.0 = Debug|Any CPU
		{790AF49C-8B02-4B7E-A298-388D02B95463}.Debug|Mixed Platforms.ActiveCfg = Debug|Any CPU
		{790AF49C-8B02-4B7E-A298-388D02B95463}.Debug|Mixed Platforms.Build.0 = Debug|Any CPU
		{790AF49C-8B02-4B7E-A298-388D02B95463}.Debug|x86.ActiveCfg = Debug|Any CPU
		{790AF49C-8B02-4B7E-A298-388D02B95463}.Release|Any CPU.ActiveCfg = Release|Any CPU
		{790AF49C-8B02-4B7E-A298-388D02B95463}.Release|Any CPU.Build.0 = Release|Any CPU
		{790AF49C-8B02-4B7E-A298-388D02B95463}.Release|Mixed Platforms.ActiveCfg = Release|Any CPU
		{790AF49C-8B02-4B7E-A298-388D02B95463}.Release|Mixed Platforms.Build.0 = Release|Any CPU
		{790AF49C-8B02-4B7E-A298-388D02B95463}.Release|x86.ActiveCfg = Release|Any CPU
		{422B8563-6AE3-4FE0-8364-0B0B28ECBE83}.Debug|Any CPU.ActiveCfg = Debug|Any CPU
		{422B8563-6AE3-4FE0-8364-0B0B28ECBE83}.Debug|Any CPU.Build.0 = Debug|Any CPU
		{422B8563-6AE3-4FE0-8364-0B0B28ECBE83}.Debug|Mixed Platforms.ActiveCfg = Debug|Any CPU
		{422B8563-6AE3-4FE0-8364-0B0B28ECBE83}.Debug|Mixed Platforms.Build.0 = Debug|Any CPU
		{422B8563-6AE3-4FE0-8364-0B0B28ECBE83}.Debug|x86.ActiveCfg = Debug|Any CPU
		{422B8563-6AE3-4FE0-8364-0B0B28ECBE83}.Release|Any CPU.ActiveCfg = Release|Any CPU
		{422B8563-6AE3-4FE0-8364-0B0B28ECBE83}.Release|Any CPU.Build.0 = Release|Any CPU
		{422B8563-6AE3-4FE0-8364-0B0B28ECBE83}.Release|Mixed Platforms.ActiveCfg = Release|Any CPU
		{422B8563-6AE3-4FE0-8364-0B0B28ECBE83}.Release|Mixed Platforms.Build.0 = Release|Any CPU
		{422B8563-6AE3-4FE0-8364-0B0B28ECBE83}.Release|x86.ActiveCfg = Release|Any CPU
		{0DE075E0-E99A-42B8-A7D0-DA987F50C5BA}.Debug|Any CPU.ActiveCfg = Debug|Any CPU
		{0DE075E0-E99A-42B8-A7D0-DA987F50C5BA}.Debug|Any CPU.Build.0 = Debug|Any CPU
		{0DE075E0-E99A-42B8-A7D0-DA987F50C5BA}.Debug|Mixed Platforms.ActiveCfg = Debug|Any CPU
		{0DE075E0-E99A-42B8-A7D0-DA987F50C5BA}.Debug|Mixed Platforms.Build.0 = Debug|Any CPU
		{0DE075E0-E99A-42B8-A7D0-DA987F50C5BA}.Debug|x86.ActiveCfg = Debug|Any CPU
		{0DE075E0-E99A-42B8-A7D0-DA987F50C5BA}.Release|Any CPU.ActiveCfg = Release|Any CPU
		{0DE075E0-E99A-42B8-A7D0-DA987F50C5BA}.Release|Any CPU.Build.0 = Release|Any CPU
		{0DE075E0-E99A-42B8-A7D0-DA987F50C5BA}.Release|Mixed Platforms.ActiveCfg = Release|Any CPU
		{0DE075E0-E99A-42B8-A7D0-DA987F50C5BA}.Release|Mixed Platforms.Build.0 = Release|Any CPU
		{0DE075E0-E99A-42B8-A7D0-DA987F50C5BA}.Release|x86.ActiveCfg = Release|Any CPU
	EndGlobalSection
	GlobalSection(SolutionProperties) = preSolution
		HideSolutionNode = FALSE
	EndGlobalSection
EndGlobal
